
Microsoft Visual Studio Solution File, Format Version 12.00
# Visual Studio Version 16
VisualStudioVersion = 16.0.29403.142
MinimumVisualStudioVersion = 10.0.40219.1
Project("{8BC9CEB8-8B4A-11D0-8D11-00A0C91BC942}") = "Examples", "Examples.vcxproj", "{34BC78B0-506F-4D1B-8061-53D72423D261}"
EndProject
Global
	GlobalSection(SolutionConfigurationPlatforms) = preSolution
		Debug|x64 = Debug|x64
		Debug|x86 = Debug|x86
		Release|x64 = Release|x64
		Release|x86 = Release|x86
	EndGlobalSection
	GlobalSection(ProjectConfigurationPlatforms) = postSolution
		{34BC78B0-506F-4D1B-8061-53D72423D261}.Debug|x64.ActiveCfg = Debug|x64
		{34BC78B0-506F-4D1B-8061-53D72423D261}.Debug|x64.Build.0 = Debug|x64
		{34BC78B0-506F-4D1B-8061-53D72423D261}.Debug|x86.ActiveCfg = Debug|Win32
		{34BC78B0-506F-4D1B-8061-53D72423D261}.Debug|x86.Build.0 = Debug|Win32
		{34BC78B0-506F-4D1B-8061-53D72423D261}.Release|x64.ActiveCfg = Release|x64
		{34BC78B0-506F-4D1B-8061-53D72423D261}.Release|x64.Build.0 = Release|x64
		{34BC78B0-506F-4D1B-8061-53D72423D261}.Release|x86.ActiveCfg = Release|Win32
		{34BC78B0-506F-4D1B-8061-53D72423D261}.Release|x86.Build.0 = Release|Win32
	EndGlobalSection
	GlobalSection(SolutionProperties) = preSolution
		HideSolutionNode = FALSE
	EndGlobalSection
	GlobalSection(ExtensibilityGlobals) = postSolution
		SolutionGuid = {1E474BB9-0F7B-4E94-9166-DA793DEBA158}
	EndGlobalSection
EndGlobal
